
Microsoft Visual Studio Solution File, Format Version 12.00
# Visual Studio Version 16
VisualStudioVersion = 16.0.33529.622
MinimumVisualStudioVersion = 10.0.40219.1
Project("{FAE04EC0-301F-11D3-BF4B-00C04F79EFBC}") = "openai login design", "openai login design\openai login design.csproj", "{B80FE9CA-F724-02E4-019D-DEF67A818129}"
EndProject
Global
	GlobalSection(SolutionConfigurationPlatforms) = preSolution
		Debug|Any CPU = Debug|Any CPU
		Release|Any CPU = Release|Any CPU
	EndGlobalSection
	GlobalSection(ProjectConfigurationPlatforms) = postSolution
		{B80FE9CA-F724-02E4-019D-DEF67A818129}.Debug|Any CPU.ActiveCfg = Debug|Any CPU
		{B80FE9CA-F724-02E4-019D-DEF67A818129}.Debug|Any CPU.Build.0 = Debug|Any CPU
		{B80FE9CA-F724-02E4-019D-DEF67A818129}.Release|Any CPU.ActiveCfg = Release|Any CPU
		{B80FE9CA-F724-02E4-019D-DEF67A818129}.Release|Any CPU.Build.0 = Release|Any CPU
	EndGlobalSection
	GlobalSection(SolutionProperties) = preSolution
		HideSolutionNode = FALSE
	EndGlobalSection
	GlobalSection(ExtensibilityGlobals) = postSolution
		SolutionGuid = {EE49BEB5-D3D9-4E80-B6BF-57E8F45CB07E}
	EndGlobalSection
EndGlobal
